
Microsoft Visual Studio Solution File, Format Version 12.00
# Visual Studio Version 17
VisualStudioVersion = 17.3.32819.101
MinimumVisualStudioVersion = 10.0.40219.1
Project("{FAE04EC0-301F-11D3-BF4B-00C04F79EFBC}") = "MoodAnalyserMSTest", "MoodAnalyserMSTest.csproj", "{722C11EF-D1B6-4EFD-84F5-76386E30B396}"
EndProject
Global
	GlobalSection(SolutionConfigurationPlatforms) = preSolution
		Debug|Any CPU = Debug|Any CPU
		Release|Any CPU = Release|Any CPU
	EndGlobalSection
	GlobalSection(ProjectConfigurationPlatforms) = postSolution
		{722C11EF-D1B6-4EFD-84F5-76386E30B396}.Debug|Any CPU.ActiveCfg = Debug|Any CPU
		{722C11EF-D1B6-4EFD-84F5-76386E30B396}.Debug|Any CPU.Build.0 = Debug|Any CPU
		{722C11EF-D1B6-4EFD-84F5-76386E30B396}.Release|Any CPU.ActiveCfg = Release|Any CPU
		{722C11EF-D1B6-4EFD-84F5-76386E30B396}.Release|Any CPU.Build.0 = Release|Any CPU
	EndGlobalSection
	GlobalSection(SolutionProperties) = preSolution
		HideSolutionNode = FALSE
	EndGlobalSection
	GlobalSection(ExtensibilityGlobals) = postSolution
		SolutionGuid = {35A66DBA-CB5A-421D-BEB9-C640C60E4262}
	EndGlobalSection
EndGlobal
