
Microsoft Visual Studio Solution File, Format Version 12.00
# Visual Studio Version 17
VisualStudioVersion = 17.3.32819.101
MinimumVisualStudioVersion = 10.0.40219.1
Project("{FAE04EC0-301F-11D3-BF4B-00C04F79EFBC}") = "Review4", "Review4.csproj", "{191B7BD3-F823-485E-9B3C-A7962E96D346}"
EndProject
Global
	GlobalSection(SolutionConfigurationPlatforms) = preSolution
		Debug|Any CPU = Debug|Any CPU
		Release|Any CPU = Release|Any CPU
	EndGlobalSection
	GlobalSection(ProjectConfigurationPlatforms) = postSolution
		{191B7BD3-F823-485E-9B3C-A7962E96D346}.Debug|Any CPU.ActiveCfg = Debug|Any CPU
		{191B7BD3-F823-485E-9B3C-A7962E96D346}.Debug|Any CPU.Build.0 = Debug|Any CPU
		{191B7BD3-F823-485E-9B3C-A7962E96D346}.Release|Any CPU.ActiveCfg = Release|Any CPU
		{191B7BD3-F823-485E-9B3C-A7962E96D346}.Release|Any CPU.Build.0 = Release|Any CPU
	EndGlobalSection
	GlobalSection(SolutionProperties) = preSolution
		HideSolutionNode = FALSE
	EndGlobalSection
	GlobalSection(ExtensibilityGlobals) = postSolution
		SolutionGuid = {0DBB83CA-B1A1-43A4-8A90-8C14B3E9A054}
	EndGlobalSection
EndGlobal
